
Microsoft Visual Studio Solution File, Format Version 12.00
# Visual Studio Version 16
VisualStudioVersion = 16.0.30907.101
MinimumVisualStudioVersion = 10.0.40219.1
Project("{9A19103F-16F7-4668-BE54-9A1E7A4F7556}") = "ThinkSharp Exercise2.3", "ThinkSharp Exercise2.3\ThinkSharp Exercise2.3.csproj", "{321331E6-6B5F-43B6-90FC-A65580D6C44C}"
EndProject
Project("{9A19103F-16F7-4668-BE54-9A1E7A4F7556}") = "Problem 2", "..\Problem 2\Problem 2.csproj", "{845E534E-DF73-4FB2-A0F2-4581C74BE9F8}"
EndProject
Global
	GlobalSection(SolutionConfigurationPlatforms) = preSolution
		Debug|Any CPU = Debug|Any CPU
		Release|Any CPU = Release|Any CPU
	EndGlobalSection
	GlobalSection(ProjectConfigurationPlatforms) = postSolution
		{321331E6-6B5F-43B6-90FC-A65580D6C44C}.Debug|Any CPU.ActiveCfg = Debug|Any CPU
		{321331E6-6B5F-43B6-90FC-A65580D6C44C}.Debug|Any CPU.Build.0 = Debug|Any CPU
		{321331E6-6B5F-43B6-90FC-A65580D6C44C}.Release|Any CPU.ActiveCfg = Release|Any CPU
		{321331E6-6B5F-43B6-90FC-A65580D6C44C}.Release|Any CPU.Build.0 = Release|Any CPU
		{845E534E-DF73-4FB2-A0F2-4581C74BE9F8}.Debug|Any CPU.ActiveCfg = Debug|Any CPU
		{845E534E-DF73-4FB2-A0F2-4581C74BE9F8}.Debug|Any CPU.Build.0 = Debug|Any CPU
		{845E534E-DF73-4FB2-A0F2-4581C74BE9F8}.Release|Any CPU.ActiveCfg = Release|Any CPU
		{845E534E-DF73-4FB2-A0F2-4581C74BE9F8}.Release|Any CPU.Build.0 = Release|Any CPU
	EndGlobalSection
	GlobalSection(SolutionProperties) = preSolution
		HideSolutionNode = FALSE
	EndGlobalSection
	GlobalSection(ExtensibilityGlobals) = postSolution
		SolutionGuid = {80CEC7D1-DC1F-4B33-94EC-CAE37D876958}
	EndGlobalSection
EndGlobal
